
Microsoft Visual Studio Solution File, Format Version 12.00
# Visual Studio Version 17
VisualStudioVersion = 17.4.33213.308
MinimumVisualStudioVersion = 10.0.40219.1
Project("{FAE04EC0-301F-11D3-BF4B-00C04F79EFBC}") = "for", "for.csproj", "{EB5FF02F-F9EB-48AB-9ACD-F5BFF947C343}"
EndProject
Global
	GlobalSection(SolutionConfigurationPlatforms) = preSolution
		Debug|Any CPU = Debug|Any CPU
		Release|Any CPU = Release|Any CPU
	EndGlobalSection
	GlobalSection(ProjectConfigurationPlatforms) = postSolution
		{EB5FF02F-F9EB-48AB-9ACD-F5BFF947C343}.Debug|Any CPU.ActiveCfg = Debug|Any CPU
		{EB5FF02F-F9EB-48AB-9ACD-F5BFF947C343}.Debug|Any CPU.Build.0 = Debug|Any CPU
		{EB5FF02F-F9EB-48AB-9ACD-F5BFF947C343}.Release|Any CPU.ActiveCfg = Release|Any CPU
		{EB5FF02F-F9EB-48AB-9ACD-F5BFF947C343}.Release|Any CPU.Build.0 = Release|Any CPU
	EndGlobalSection
	GlobalSection(SolutionProperties) = preSolution
		HideSolutionNode = FALSE
	EndGlobalSection
	GlobalSection(ExtensibilityGlobals) = postSolution
		SolutionGuid = {BA9E74A0-9956-4871-9267-E918CFC6EB84}
	EndGlobalSection
EndGlobal
